// !$*UTF8*$!
{
	archiveVersion = 1;
	classes = {
	};
	objectVersion = 46;
	objects = {

/* Begin PBXBuildFile section */
		0EED80C71A939F0A0037D791 /* main.m in Sources */ = {isa = PBXBuildFile; fileRef = 0EED80C61A939F0A0037D791 /* main.m */; };
		0EED80CA1A939F0A0037D791 /* AppDelegate.m in Sources */ = {isa = PBXBuildFile; fileRef = 0EED80C91A939F0A0037D791 /* AppDelegate.m */; };
		0EED80CD1A939F0A0037D791 /* ViewController.m in Sources */ = {isa = PBXBuildFile; fileRef = 0EED80CC1A939F0A0037D791 /* ViewController.m */; };
		0EED80D01A939F0A0037D791 /* Main.storyboard in Resources */ = {isa = PBXBuildFile; fileRef = 0EED80CE1A939F0A0037D791 /* Main.storyboard */; };
		0EED80D21A939F0A0037D791 /* Images.xcassets in Resources */ = {isa = PBXBuildFile; fileRef = 0EED80D11A939F0A0037D791 /* Images.xcassets */; };
		0EED80D51A939F0A0037D791 /* LaunchScreen.xib in Resources */ = {isa = PBXBuildFile; fileRef = 0EED80D31A939F0A0037D791 /* LaunchScreen.xib */; };
		0EED80E11A939F0B0037D791 /* POHTests.m in Sources */ = {isa = PBXBuildFile; fileRef = 0EED80E01A939F0B0037D791 /* POHTests.m */; };
/* End PBXBuildFile section */

/* Begin PBXContainerItemProxy section */
		0EED80DB1A939F0B0037D791 /* PBXContainerItemProxy */ = {
			isa = PBXContainerItemProxy;
			containerPortal = 0EED80B91A939F0A0037D791 /* Project object */;
			proxyType = 1;
			remoteGlobalIDString = 0EED80C01A939F0A0037D791;
			remoteInfo = POH;
		};
/* End PBXContainerItemProxy section */

/* Begin PBXFileReference section */
		0EED80C11A939F0A0037D791 /* POH.app */ = {isa = PBXFileReference; explicitFileType = wrapper.application; includeInIndex = 0; path = POH.app; sourceTree = BUILT_PRODUCTS_DIR; };
		0EED80C51A939F0A0037D791 /* Info.plist */ = {isa = PBXFileReference; lastKnownFileType = text.plist.xml; path = Info.plist; sourceTree = "<group>"; };
		0EED80C61A939F0A0037D791 /* main.m */ = {isa = PBXFileReference; lastKnownFileType = sourcecode.c.objc; path = main.m; sourceTree = "<group>"; };
		0EED80C81A939F0A0037D791 /* AppDelegate.h */ = {isa = PBXFileReference; lastKnownFileType = sourcecode.c.h; path = AppDelegate.h; sourceTree = "<group>"; };
		0EED80C91A939F0A0037D791 /* AppDelegate.m */ = {isa = PBXFileReference; lastKnownFileType = sourcecode.c.objc; path = AppDelegate.m; sourceTree = "<group>"; };
		0EED80CB1A939F0A0037D791 /* ViewController.h */ = {isa = PBXFileReference; lastKnownFileType = sourcecode.c.h; path = ViewController.h; sourceTree = "<group>"; };
		0EED80CC1A939F0A0037D791 /* ViewController.m */ = {isa = PBXFileReference; lastKnownFileType = sourcecode.c.objc; path = ViewController.m; sourceTree = "<group>"; };
		0EED80CF1A939F0A0037D791 /* Base */ = {isa = PBXFileReference; lastKnownFileType = file.storyboard; name = Base; path = Base.lproj/Main.storyboard; sourceTree = "<group>"; };
		0EED80D11A939F0A0037D791 /* Images.xcassets */ = {isa = PBXFileReference; lastKnownFileType = folder.assetcatalog; path = Images.xcassets; sourceTree = "<group>"; };
		0EED80D41A939F0A0037D791 /* Base */ = {isa = PBXFileReference; lastKnownFileType = file.xib; name = Base; path = Base.lproj/LaunchScreen.xib; sourceTree = "<group>"; };
		0EED80DA1A939F0B0037D791 /* POHTests.xctest */ = {isa = PBXFileReference; explicitFileType = wrapper.cfbundle; includeInIndex = 0; path = POHTests.xctest; sourceTree = BUILT_PRODUCTS_DIR; };
		0EED80DF1A939F0B0037D791 /* Info.plist */ = {isa = PBXFileReference; lastKnownFileType = text.plist.xml; path = Info.plist; sourceTree = "<group>"; };
		0EED80E01A939F0B0037D791 /* POHTests.m */ = {isa = PBXFileReference; lastKnownFileType = sourcecode.c.objc; path = POHTests.m; sourceTree = "<group>"; };
/* End PBXFileReference section */

/* Begin PBXFrameworksBuildPhase section */
		0EED80BE1A939F0A0037D791 /* Frameworks */ = {
			isa = PBXFrameworksBuildPhase;
			buildActionMask = 2147483647;
			files = (
			);
			runOnlyForDeploymentPostprocessing = 0;
		};
		0EED80D71A939F0B0037D791 /* Frameworks */ = {
			isa = PBXFrameworksBuildPhase;
			buildActionMask = 2147483647;
			files = (
			);
			runOnlyForDeploymentPostprocessing = 0;
		};
/* End PBXFrameworksBuildPhase section */

/* Begin PBXGroup section */
		0EED80B81A939F0A0037D791 = {
			isa = PBXGroup;
			children = (
				0EED80C31A939F0A0037D791 /* POH */,
				0EED80DD1A939F0B0037D791 /* POHTests */,
				0EED80C21A939F0A0037D791 /* Products */,
			);
			sourceTree = "<group>";
		};
		0EED80C21A939F0A0037D791 /* Products */ = {
			isa = PBXGroup;
			children = (
				0EED80C11A939F0A0037D791 /* POH.app */,
				0EED80DA1A939F0B0037D791 /* POHTests.xctest */,
			);
			name = Products;
			sourceTree = "<group>";
		};
		0EED80C31A939F0A0037D791 /* POH */ = {
			isa = PBXGroup;
			children = (
				0EED80C81A939F0A0037D791 /* AppDelegate.h */,
				0EED80C91A939F0A0037D791 /* AppDelegate.m */,
				0EED80CB1A939F0A0037D791 /* ViewController.h */,
				0EED80CC1A939F0A0037D791 /* ViewController.m */,
				0EED80CE1A939F0A0037D791 /* Main.storyboard */,
				0EED80D11A939F0A0037D791 /* Images.xcassets */,
				0EED80D31A939F0A0037D791 /* LaunchScreen.xib */,
				0EED80C41A939F0A0037D791 /* Supporting Files */,
			);
			path = POH;
			sourceTree = "<group>";
		};
		0EED80C41A939F0A0037D791 /* Supporting Files */ = {
			isa = PBXGroup;
			children = (
				0EED80C51A939F0A0037D791 /* Info.plist */,
				0EED80C61A939F0A0037D791 /* main.m */,
			);
			name = "Supporting Files";
			sourceTree = "<group>";
		};
		0EED80DD1A939F0B0037D791 /* POHTests */ = {
			isa = PBXGroup;
			children = (
				0EED80E01A939F0B0037D791 /* POHTests.m */,
				0EED80DE1A939F0B0037D791 /* Supporting Files */,
			);
			path = POHTests;
			sourceTree = "<group>";
		};
		0EED80DE1A939F0B0037D791 /* Supporting Files */ = {
			isa = PBXGroup;
			children = (
				0EED80DF1A939F0B0037D791 /* Info.plist */,
			);
			name = "Supporting Files";
			sourceTree = "<group>";
		};
/* End PBXGroup section */

/* Begin PBXNativeTarget section */
		0EED80C01A939F0A0037D791 /* POH */ = {
			isa = PBXNativeTarget;
			buildConfigurationList = 0EED80E41A939F0B0037D791 /* Build configuration list for PBXNativeTarget "POH" */;
			buildPhases = (
				0EED80BD1A939F0A0037D791 /* Sources */,
				0EED80BE1A939F0A0037D791 /* Frameworks */,
				0EED80BF1A939F0A0037D791 /* Resources */,
			);
			buildRules = (
			);
			dependencies = (
			);
			name = POH;
			productName = POH;
			productReference = 0EED80C11A939F0A0037D791 /* POH.app */;
			productType = "com.apple.product-type.application";
		};
		0EED80D91A939F0B0037D791 /* POHTests */ = {
			isa = PBXNativeTarget;
			buildConfigurationList = 0EED80E71A939F0B0037D791 /* Build configuration list for PBXNativeTarget "POHTests" */;
			buildPhases = (
				0EED80D61A939F0B0037D791 /* Sources */,
				0EED80D71A939F0B0037D791 /* Frameworks */,
				0EED80D81A939F0B0037D791 /* Resources */,
			);
			buildRules = (
			);
			dependencies = (
				0EED80DC1A939F0B0037D791 /* PBXTargetDependency */,
			);
			name = POHTests;
			productName = POHTests;
			productReference = 0EED80DA1A939F0B0037D791 /* POHTests.xctest */;
			productType = "com.apple.product-type.bundle.unit-test";
		};
/* End PBXNativeTarget section */

/* Begin PBXProject section */
		0EED80B91A939F0A0037D791 /* Project object */ = {
			isa = PBXProject;
			attributes = {
				LastUpgradeCheck = 0600;
				ORGANIZATIONNAME = pebbles_of_hope;
				TargetAttributes = {
					0EED80C01A939F0A0037D791 = {
						CreatedOnToolsVersion = 6.0.1;
					};
					0EED80D91A939F0B0037D791 = {
						CreatedOnToolsVersion = 6.0.1;
						TestTargetID = 0EED80C01A939F0A0037D791;
					};
				};
			};
			buildConfigurationList = 0EED80BC1A939F0A0037D791 /* Build configuration list for PBXProject "POH" */;
			compatibilityVersion = "Xcode 3.2";
			developmentRegion = English;
			hasScannedForEncodings = 0;
			knownRegions = (
				en,
				Base,
			);
			mainGroup = 0EED80B81A939F0A0037D791;
			productRefGroup = 0EED80C21A939F0A0037D791 /* Products */;
			projectDirPath = "";
			projectRoot = "";
			targets = (
				0EED80C01A939F0A0037D791 /* POH */,
				0EED80D91A939F0B0037D791 /* POHTests */,
			);
		};
/* End PBXProject section */

/* Begin PBXResourcesBuildPhase section */
		0EED80BF1A939F0A0037D791 /* Resources */ = {
			isa = PBXResourcesBuildPhase;
			buildActionMask = 2147483647;
			files = (
				0EED80D01A939F0A0037D791 /* Main.storyboard in Resources */,
				0EED80D51A939F0A0037D791 /* LaunchScreen.xib in Resources */,
				0EED80D21A939F0A0037D791 /* Images.xcassets in Resources */,
			);
			runOnlyForDeploymentPostprocessing = 0;
		};
		0EED80D81A939F0B0037D791 /* Resources */ = {
			isa = PBXResourcesBuildPhase;
			buildActionMask = 2147483647;
			files = (
			);
			runOnlyForDeploymentPostprocessing = 0;
		};
/* End PBXResourcesBuildPhase section */

/* Begin PBXSourcesBuildPhase section */
		0EED80BD1A939F0A0037D791 /* Sources */ = {
			isa = PBXSourcesBuildPhase;
			buildActionMask = 2147483647;
			files = (
				0EED80CD1A939F0A0037D791 /* ViewController.m in Sources */,
				0EED80CA1A939F0A0037D791 /* AppDelegate.m in Sources */,
				0EED80C71A939F0A0037D791 /* main.m in Sources */,
			);
			runOnlyForDeploymentPostprocessing = 0;
		};
		0EED80D61A939F0B0037D791 /* Sources */ = {
			isa = PBXSourcesBuildPhase;
			buildActionMask = 2147483647;
			files = (
				0EED80E11A939F0B0037D791 /* POHTests.m in Sources */,
			);
			runOnlyForDeploymentPostprocessing = 0;
		};
/* End PBXSourcesBuildPhase section */

/* Begin PBXTargetDependency section */
		0EED80DC1A939F0B0037D791 /* PBXTargetDependency */ = {
			isa = PBXTargetDependency;
			target = 0EED80C01A939F0A0037D791 /* POH */;
			targetProxy = 0EED80DB1A939F0B0037D791 /* PBXContainerItemProxy */;
		};
/* End PBXTargetDependency section */

/* Begin PBXVariantGroup section */
		0EED80CE1A939F0A0037D791 /* Main.storyboard */ = {
			isa = PBXVariantGroup;
			children = (
				0EED80CF1A939F0A0037D791 /* Base */,
			);
			name = Main.storyboard;
			sourceTree = "<group>";
		};
		0EED80D31A939F0A0037D791 /* LaunchScreen.xib */ = {
			isa = PBXVariantGroup;
			children = (
				0EED80D41A939F0A0037D791 /* Base */,
			);
			name = LaunchScreen.xib;
			sourceTree = "<group>";
		};
/* End PBXVariantGroup section */

/* Begin XCBuildConfiguration section */
		0EED80E21A939F0B0037D791 /* Debug */ = {
			isa = XCBuildConfiguration;
			buildSettings = {
				ALWAYS_SEARCH_USER_PATHS = NO;
				CLANG_CXX_LANGUAGE_STANDARD = "gnu++0x";
				CLANG_CXX_LIBRARY = "libc++";
				CLANG_ENABLE_MODULES = YES;
				CLANG_ENABLE_OBJC_ARC = YES;
				CLANG_WARN_BOOL_CONVERSION = YES;
				CLANG_WARN_CONSTANT_CONVERSION = YES;
				CLANG_WARN_DIRECT_OBJC_ISA_USAGE = YES_ERROR;
				CLANG_WARN_EMPTY_BODY = YES;
				CLANG_WARN_ENUM_CONVERSION = YES;
				CLANG_WARN_INT_CONVERSION = YES;
				CLANG_WARN_OBJC_ROOT_CLASS = YES_ERROR;
				CLANG_WARN_UNREACHABLE_CODE = YES;
				CLANG_WARN__DUPLICATE_METHOD_MATCH = YES;
				"CODE_SIGN_IDENTITY[sdk=iphoneos*]" = "iPhone Developer";
				COPY_PHASE_STRIP = NO;
				ENABLE_STRICT_OBJC_MSGSEND = YES;
				GCC_C_LANGUAGE_STANDARD = gnu99;
				GCC_DYNAMIC_NO_PIC = NO;
				GCC_OPTIMIZATION_LEVEL = 0;
				GCC_PREPROCESSOR_DEFINITIONS = (
					"DEBUG=1",
					"$(inherited)",
				);
				GCC_SYMBOLS_PRIVATE_EXTERN = NO;
				GCC_WARN_64_TO_32_BIT_CONVERSION = YES;
				GCC_WARN_ABOUT_RETURN_TYPE = YES_ERROR;
				GCC_WARN_UNDECLARED_SELECTOR = YES;
				GCC_WARN_UNINITIALIZED_AUTOS = YES_AGGRESSIVE;
				GCC_WARN_UNUSED_FUNCTION = YES;
				GCC_WARN_UNUSED_VARIABLE = YES;
				IPHONEOS_DEPLOYMENT_TARGET = 8.0;
				MTL_ENABLE_DEBUG_INFO = YES;
				ONLY_ACTIVE_ARCH = YES;
				SDKROOT = iphoneos;
				TARGETED_DEVICE_FAMILY = "1,2";
			};
			name = Debug;
		};
		0EED80E31A939F0B0037D791 /* Release */ = {
			isa = XCBuildConfiguration;
			buildSettings = {
				ALWAYS_SEARCH_USER_PATHS = NO;
				CLANG_CXX_LANGUAGE_STANDARD = "gnu++0x";
				CLANG_CXX_LIBRARY = "libc++";
				CLANG_ENABLE_MODULES = YES;
				CLANG_ENABLE_OBJC_ARC = YES;
				CLANG_WARN_BOOL_CONVERSION = YES;
				CLANG_WARN_CONSTANT_CONVERSION = YES;
				CLANG_WARN_DIRECT_OBJC_ISA_USAGE = YES_ERROR;
				CLANG_WARN_EMPTY_BODY = YES;
				CLANG_WARN_ENUM_CONVERSION = YES;
				CLANG_WARN_INT_CONVERSION = YES;
				CLANG_WARN_OBJC_ROOT_CLASS = YES_ERROR;
				CLANG_WARN_UNREACHABLE_CODE = YES;
				CLANG_WARN__DUPLICATE_METHOD_MATCH = YES;
				"CODE_SIGN_IDENTITY[sdk=iphoneos*]" = "iPhone Developer";
				COPY_PHASE_STRIP = YES;
				ENABLE_NS_ASSERTIONS = NO;
				ENABLE_STRICT_OBJC_MSGSEND = YES;
				GCC_C_LANGUAGE_STANDARD = gnu99;
				GCC_WARN_64_TO_32_BIT_CONVERSION = YES;
				GCC_WARN_ABOUT_RETURN_TYPE = YES_ERROR;
				GCC_WARN_UNDECLARED_SELECTOR = YES;
				GCC_WARN_UNINITIALIZED_AUTOS = YES_AGGRESSIVE;
				GCC_WARN_UNUSED_FUNCTION = YES;
				GCC_WARN_UNUSED_VARIABLE = YES;
				IPHONEOS_DEPLOYMENT_TARGET = 8.0;
				MTL_ENABLE_DEBUG_INFO = NO;
				SDKROOT = iphoneos;
				TARGETED_DEVICE_FAMILY = "1,2";
				VALIDATE_PRODUCT = YES;
			};
			name = Release;
		};
		0EED80E51A939F0B0037D791 /* Debug */ = {
			isa = XCBuildConfiguration;
			buildSettings = {
				ASSETCATALOG_COMPILER_APPICON_NAME = AppIcon;
				ASSETCATALOG_COMPILER_LAUNCHIMAGE_NAME = LaunchImage;
				INFOPLIST_FILE = POH/Info.plist;
				LD_RUNPATH_SEARCH_PATHS = "$(inherited) @executable_path/Frameworks";
				PRODUCT_NAME = "$(TARGET_NAME)";
			};
			name = Debug;
		};
		0EED80E61A939F0B0037D791 /* Release */ = {
			isa = XCBuildConfiguration;
			buildSettings = {
				ASSETCATALOG_COMPILER_APPICON_NAME = AppIcon;
				ASSETCATALOG_COMPILER_LAUNCHIMAGE_NAME = LaunchImage;
				INFOPLIST_FILE = POH/Info.plist;
				LD_RUNPATH_SEARCH_PATHS = "$(inherited) @executable_path/Frameworks";
				PRODUCT_NAME = "$(TARGET_NAME)";
			};
			name = Release;
		};
		0EED80E81A939F0B0037D791 /* Debug */ = {
			isa = XCBuildConfiguration;
			buildSettings = {
				BUNDLE_LOADER = "$(TEST_HOST)";
				FRAMEWORK_SEARCH_PATHS = (
					"$(SDKROOT)/Developer/Library/Frameworks",
					"$(inherited)",
				);
				GCC_PREPROCESSOR_DEFINITIONS = (
					"DEBUG=1",
					"$(inherited)",
				);
				INFOPLIST_FILE = POHTests/Info.plist;
				LD_RUNPATH_SEARCH_PATHS = "$(inherited) @executable_path/Frameworks @loader_path/Frameworks";
				PRODUCT_NAME = "$(TARGET_NAME)";
				TEST_HOST = "$(BUILT_PRODUCTS_DIR)/POH.app/POH";
			};
			name = Debug;
		};
		0EED80E91A939F0B0037D791 /* Release */ = {
			isa = XCBuildConfiguration;
			buildSettings = {
				BUNDLE_LOADER = "$(TEST_HOST)";
				FRAMEWORK_SEARCH_PATHS = (
					"$(SDKROOT)/Developer/Library/Frameworks",
					"$(inherited)",
				);
				INFOPLIST_FILE = POHTests/Info.plist;
				LD_RUNPATH_SEARCH_PATHS = "$(inherited) @executable_path/Frameworks @loader_path/Frameworks";
				PRODUCT_NAME = "$(TARGET_NAME)";
				TEST_HOST = "$(BUILT_PRODUCTS_DIR)/POH.app/POH";
			};
			name = Release;
		};
/* End XCBuildConfiguration section */

/* Begin XCConfigurationList section */
		0EED80BC1A939F0A0037D791 /* Build configuration list for PBXProject "POH" */ = {
			isa = XCConfigurationList;
			buildConfigurations = (
				0EED80E21A939F0B0037D791 /* Debug */,
				0EED80E31A939F0B0037D791 /* Release */,
			);
			defaultConfigurationIsVisible = 0;
			defaultConfigurationName = Release;
		};
		0EED80E41A939F0B0037D791 /* Build configuration list for PBXNativeTarget "POH" */ = {
			isa = XCConfigurationList;
			buildConfigurations = (
				0EED80E51A939F0B0037D791 /* Debug */,
				0EED80E61A939F0B0037D791 /* Release */,
			);
			defaultConfigurationIsVisible = 0;
		};
		0EED80E71A939F0B0037D791 /* Build configuration list for PBXNativeTarget "POHTests" */ = {
			isa = XCConfigurationList;
			buildConfigurations = (
				0EED80E81A939F0B0037D791 /* Debug */,
				0EED80E91A939F0B0037D791 /* Release */,
			);
			defaultConfigurationIsVisible = 0;
		};
/* End XCConfigurationList section */
	};
	rootObject = 0EED80B91A939F0A0037D791 /* Project object */;
}
